d»z
Microsoft Visual Studio Solution File, Format Version 9.00
# Visual Studio 2005
Project("{8BC9CEB8-8B4A-11D0-8D11-00A0C91BC942}") = "ImageMagickObject", "ImageMagickObject.vcproj", "{DBE97348-A3A9-44CA-B3BE-44F8A4D479DD}"
EndProject
Project("{8BC9CEB8-8B4A-11D0-8D11-00A0C91BC942}") = "MagickCMD", "MagickCMD.vcproj", "{54639816-FC30-4351-BE6C-794ADD3C04DC}"
	ProjectSection(ProjectDependencies) = postProject
		{DBE97348-A3A9-44CA-B3BE-44F8A4D479DD} = {DBE97348-A3A9-44CA-B3BE-44F8A4D479DD}
	EndProjectSection
EndProject
Global
	GlobalSection(SolutionConfigurationPlatforms) = preSolution
		Debug|Win32 = Debug|Win32
		Release|Win32 = Release|Win32
		Unicode Debug|Win32 = Unicode Debug|Win32
		Unicode Release|Win32 = Unicode Release|Win32
	EndGlobalSection
	GlobalSection(ProjectConfigurationPlatforms) = postSolution
		{DBE97348-A3A9-44CA-B3BE-44F8A4D479DD}.Debug|Win32.ActiveCfg = Debug|Win32
		{DBE97348-A3A9-44CA-B3BE-44F8A4D479DD}.Debug|Win32.Build.0 = Debug|Win32
		{DBE97348-A3A9-44CA-B3BE-44F8A4D479DD}.Release|Win32.ActiveCfg = Release|Win32
		{DBE97348-A3A9-44CA-B3BE-44F8A4D479DD}.Release|Win32.Build.0 = Release|Win32
		{DBE97348-A3A9-44CA-B3BE-44F8A4D479DD}.Unicode Debug|Win32.ActiveCfg = Unicode Debug|Win32
		{DBE97348-A3A9-44CA-B3BE-44F8A4D479DD}.Unicode Debug|Win32.Build.0 = Unicode Debug|Win32
		{DBE97348-A3A9-44CA-B3BE-44F8A4D479DD}.Unicode Release|Win32.ActiveCfg = Unicode Release|Win32
		{DBE97348-A3A9-44CA-B3BE-44F8A4D479DD}.Unicode Release|Win32.Build.0 = Unicode Release|Win32
		{54639816-FC30-4351-BE6C-794ADD3C04DC}.Debug|Win32.ActiveCfg = Debug|Win32
		{54639816-FC30-4351-BE6C-794ADD3C04DC}.Debug|Win32.Build.0 = Debug|Win32
		{54639816-FC30-4351-BE6C-794ADD3C04DC}.Release|Win32.ActiveCfg = Release|Win32
		{54639816-FC30-4351-BE6C-794ADD3C04DC}.Release|Win32.Build.0 = Release|Win32
		{54639816-FC30-4351-BE6C-794ADD3C04DC}.Unicode Debug|Win32.ActiveCfg = Unicode Debug|Win32
		{54639816-FC30-4351-BE6C-794ADD3C04DC}.Unicode Debug|Win32.Build.0 = Unicode Debug|Win32
		{54639816-FC30-4351-BE6C-794ADD3C04DC}.Unicode Release|Win32.ActiveCfg = Unicode Release|Win32
		{54639816-FC30-4351-BE6C-794ADD3C04DC}.Unicode Release|Win32.Build.0 = Unicode Release|Win32
	EndGlobalSection
	GlobalSection(SolutionProperties) = preSolution
		HideSolutionNode = FALSE
	EndGlobalSection
EndGlobal
