
Microsoft Visual Studio Solution File, Format Version 12.00
# Visual Studio 2017
Project("{8BC9CEB8-8B4A-11D0-8D11-00A0C91BC942}") = "LibTpBoost", "LibTpBoost\VisualStudio17\LibTpBoost.vcxproj", "{07679436-31CD-43B1-2669-A42ADE8CB651}"
EndProject
Project("{8BC9CEB8-8B4A-11D0-8D11-00A0C91BC942}") = "LibJpegIjg6b", "LibJpegIjg6b\VisualStudio17\LibJpegIjg6b.vcxproj", "{BC932BBE-9FFE-9CCA-5065-3631BC5D517C}"
EndProject
Project("{8BC9CEB8-8B4A-11D0-8D11-00A0C91BC942}") = "LibImageMagickCore", "LibImageMagickCore\VisualStudio17\LibImageMagickCore.vcxproj", "{668A2EA1-03E9-E325-500C-34456FB322CF}"
EndProject
Project("{8BC9CEB8-8B4A-11D0-8D11-00A0C91BC942}") = "LibFgBase", "LibFgBase\VisualStudio17\LibFgBase.vcxproj", "{07679436-31CD-43B1-F153-28E7617853C4}"
EndProject
Project("{8BC9CEB8-8B4A-11D0-8D11-00A0C91BC942}") = "LibFgWin", "LibFgWin\VisualStudio17\LibFgWin.vcxproj", "{0B93FE62-D353-5660-BE2D-F6674E47A813}"
EndProject
Project("{8BC9CEB8-8B4A-11D0-8D11-00A0C91BC942}") = "fgbl", "fgbl\VisualStudio17\fgbl.vcxproj", "{B01C1D34-E305-DCE8-662D-1859A883437F}"
EndProject
Global
	GlobalSection(SolutionConfigurationPlatforms) = preSolution
		Debug|Win32 = Debug|Win32
		Debug|x64 = Debug|x64
		Release|Win32 = Release|Win32
		Release|x64 = Release|x64
	EndGlobalSection
	GlobalSection(ProjectConfigurationPlatforms) = postSolution
		{07679436-31CD-43B1-2669-A42ADE8CB651}.Debug|Win32.ActiveCfg = Debug|Win32
		{07679436-31CD-43B1-2669-A42ADE8CB651}.Debug|Win32.Build.0 = Debug|Win32
		{07679436-31CD-43B1-2669-A42ADE8CB651}.Debug|x64.ActiveCfg = Debug|x64
		{07679436-31CD-43B1-2669-A42ADE8CB651}.Debug|x64.Build.0 = Debug|x64
		{07679436-31CD-43B1-2669-A42ADE8CB651}.Release|Win32.ActiveCfg = Release|Win32
		{07679436-31CD-43B1-2669-A42ADE8CB651}.Release|Win32.Build.0 = Release|Win32
		{07679436-31CD-43B1-2669-A42ADE8CB651}.Release|x64.ActiveCfg = Release|x64
		{07679436-31CD-43B1-2669-A42ADE8CB651}.Release|x64.Build.0 = Release|x64
		{BC932BBE-9FFE-9CCA-5065-3631BC5D517C}.Debug|Win32.ActiveCfg = Debug|Win32
		{BC932BBE-9FFE-9CCA-5065-3631BC5D517C}.Debug|Win32.Build.0 = Debug|Win32
		{BC932BBE-9FFE-9CCA-5065-3631BC5D517C}.Debug|x64.ActiveCfg = Debug|x64
		{BC932BBE-9FFE-9CCA-5065-3631BC5D517C}.Debug|x64.Build.0 = Debug|x64
		{BC932BBE-9FFE-9CCA-5065-3631BC5D517C}.Release|Win32.ActiveCfg = Release|Win32
		{BC932BBE-9FFE-9CCA-5065-3631BC5D517C}.Release|Win32.Build.0 = Release|Win32
		{BC932BBE-9FFE-9CCA-5065-3631BC5D517C}.Release|x64.ActiveCfg = Release|x64
		{BC932BBE-9FFE-9CCA-5065-3631BC5D517C}.Release|x64.Build.0 = Release|x64
		{668A2EA1-03E9-E325-500C-34456FB322CF}.Debug|Win32.ActiveCfg = Debug|Win32
		{668A2EA1-03E9-E325-500C-34456FB322CF}.Debug|Win32.Build.0 = Debug|Win32
		{668A2EA1-03E9-E325-500C-34456FB322CF}.Debug|x64.ActiveCfg = Debug|x64
		{668A2EA1-03E9-E325-500C-34456FB322CF}.Debug|x64.Build.0 = Debug|x64
		{668A2EA1-03E9-E325-500C-34456FB322CF}.Release|Win32.ActiveCfg = Release|Win32
		{668A2EA1-03E9-E325-500C-34456FB322CF}.Release|Win32.Build.0 = Release|Win32
		{668A2EA1-03E9-E325-500C-34456FB322CF}.Release|x64.ActiveCfg = Release|x64
		{668A2EA1-03E9-E325-500C-34456FB322CF}.Release|x64.Build.0 = Release|x64
		{07679436-31CD-43B1-F153-28E7617853C4}.Debug|Win32.ActiveCfg = Debug|Win32
		{07679436-31CD-43B1-F153-28E7617853C4}.Debug|Win32.Build.0 = Debug|Win32
		{07679436-31CD-43B1-F153-28E7617853C4}.Debug|x64.ActiveCfg = Debug|x64
		{07679436-31CD-43B1-F153-28E7617853C4}.Debug|x64.Build.0 = Debug|x64
		{07679436-31CD-43B1-F153-28E7617853C4}.Release|Win32.ActiveCfg = Release|Win32
		{07679436-31CD-43B1-F153-28E7617853C4}.Release|Win32.Build.0 = Release|Win32
		{07679436-31CD-43B1-F153-28E7617853C4}.Release|x64.ActiveCfg = Release|x64
		{07679436-31CD-43B1-F153-28E7617853C4}.Release|x64.Build.0 = Release|x64
		{0B93FE62-D353-5660-BE2D-F6674E47A813}.Debug|Win32.ActiveCfg = Debug|Win32
		{0B93FE62-D353-5660-BE2D-F6674E47A813}.Debug|Win32.Build.0 = Debug|Win32
		{0B93FE62-D353-5660-BE2D-F6674E47A813}.Debug|x64.ActiveCfg = Debug|x64
		{0B93FE62-D353-5660-BE2D-F6674E47A813}.Debug|x64.Build.0 = Debug|x64
		{0B93FE62-D353-5660-BE2D-F6674E47A813}.Release|Win32.ActiveCfg = Release|Win32
		{0B93FE62-D353-5660-BE2D-F6674E47A813}.Release|Win32.Build.0 = Release|Win32
		{0B93FE62-D353-5660-BE2D-F6674E47A813}.Release|x64.ActiveCfg = Release|x64
		{0B93FE62-D353-5660-BE2D-F6674E47A813}.Release|x64.Build.0 = Release|x64
		{B01C1D34-E305-DCE8-662D-1859A883437F}.Debug|Win32.ActiveCfg = Debug|Win32
		{B01C1D34-E305-DCE8-662D-1859A883437F}.Debug|Win32.Build.0 = Debug|Win32
		{B01C1D34-E305-DCE8-662D-1859A883437F}.Debug|x64.ActiveCfg = Debug|x64
		{B01C1D34-E305-DCE8-662D-1859A883437F}.Debug|x64.Build.0 = Debug|x64
		{B01C1D34-E305-DCE8-662D-1859A883437F}.Release|Win32.ActiveCfg = Release|Win32
		{B01C1D34-E305-DCE8-662D-1859A883437F}.Release|Win32.Build.0 = Release|Win32
		{B01C1D34-E305-DCE8-662D-1859A883437F}.Release|x64.ActiveCfg = Release|x64
		{B01C1D34-E305-DCE8-662D-1859A883437F}.Release|x64.Build.0 = Release|x64
	EndGlobalSection
	GlobalSection(SolutionProperties) = preSolution
		HideSolutionNode = FALSE
	EndGlobalSection
EndGlobal
