
Microsoft Visual Studio Solution File, Format Version 12.00
# Visual Studio 2013
Project("{8BC9CEB8-8B4A-11D0-8D11-00A0C91BC942}") = "LibTpBoost", "LibTpBoost\VisualStudio13\LibTpBoost.vcxproj", "{4CE43A23-E6A2-1634-4F26-830C60F818A6}"
EndProject
Project("{8BC9CEB8-8B4A-11D0-8D11-00A0C91BC942}") = "LibJpegIjg6b", "LibJpegIjg6b\VisualStudio13\LibJpegIjg6b.vcxproj", "{4CE43A23-EF22-A2B4-9C10-6F2F03BE8E35}"
EndProject
Project("{8BC9CEB8-8B4A-11D0-8D11-00A0C91BC942}") = "LibImageMagickCore", "LibImageMagickCore\VisualStudio13\LibImageMagickCore.vcxproj", "{1F292497-4C6D-C5FD-EE72-7F7FB19369ED}"
EndProject
Project("{8BC9CEB8-8B4A-11D0-8D11-00A0C91BC942}") = "LibFgBase", "LibFgBase\VisualStudio13\LibFgBase.vcxproj", "{4CE43A23-E6A2-1634-4F26-830C57F801AA}"
EndProject
Project("{8BC9CEB8-8B4A-11D0-8D11-00A0C91BC942}") = "LibFgWin", "LibFgWin\VisualStudio13\LibFgWin.vcxproj", "{616A9CD3-AFAF-1F04-4BF1-ECFABC86784F}"
EndProject
Project("{8BC9CEB8-8B4A-11D0-8D11-00A0C91BC942}") = "fgbl", "fgbl\VisualStudio13\fgbl.vcxproj", "{FC2C1294-D77D-9C26-11FF-D757BAAC66D5}"
EndProject
Global
	GlobalSection(SolutionConfigurationPlatforms) = preSolution
		Debug|Win32 = Debug|Win32
		Debug|x64 = Debug|x64
		Release|Win32 = Release|Win32
		Release|x64 = Release|x64
	EndGlobalSection
	GlobalSection(ProjectConfigurationPlatforms) = postSolution
		{4CE43A23-E6A2-1634-4F26-830C60F818A6}.Debug|Win32.ActiveCfg = Debug|Win32
		{4CE43A23-E6A2-1634-4F26-830C60F818A6}.Debug|Win32.Build.0 = Debug|Win32
		{4CE43A23-E6A2-1634-4F26-830C60F818A6}.Debug|x64.ActiveCfg = Debug|x64
		{4CE43A23-E6A2-1634-4F26-830C60F818A6}.Debug|x64.Build.0 = Debug|x64
		{4CE43A23-E6A2-1634-4F26-830C60F818A6}.Release|Win32.ActiveCfg = Release|Win32
		{4CE43A23-E6A2-1634-4F26-830C60F818A6}.Release|Win32.Build.0 = Release|Win32
		{4CE43A23-E6A2-1634-4F26-830C60F818A6}.Release|x64.ActiveCfg = Release|x64
		{4CE43A23-E6A2-1634-4F26-830C60F818A6}.Release|x64.Build.0 = Release|x64
		{4CE43A23-EF22-A2B4-9C10-6F2F03BE8E35}.Debug|Win32.ActiveCfg = Debug|Win32
		{4CE43A23-EF22-A2B4-9C10-6F2F03BE8E35}.Debug|Win32.Build.0 = Debug|Win32
		{4CE43A23-EF22-A2B4-9C10-6F2F03BE8E35}.Debug|x64.ActiveCfg = Debug|x64
		{4CE43A23-EF22-A2B4-9C10-6F2F03BE8E35}.Debug|x64.Build.0 = Debug|x64
		{4CE43A23-EF22-A2B4-9C10-6F2F03BE8E35}.Release|Win32.ActiveCfg = Release|Win32
		{4CE43A23-EF22-A2B4-9C10-6F2F03BE8E35}.Release|Win32.Build.0 = Release|Win32
		{4CE43A23-EF22-A2B4-9C10-6F2F03BE8E35}.Release|x64.ActiveCfg = Release|x64
		{4CE43A23-EF22-A2B4-9C10-6F2F03BE8E35}.Release|x64.Build.0 = Release|x64
		{1F292497-4C6D-C5FD-EE72-7F7FB19369ED}.Debug|Win32.ActiveCfg = Debug|Win32
		{1F292497-4C6D-C5FD-EE72-7F7FB19369ED}.Debug|Win32.Build.0 = Debug|Win32
		{1F292497-4C6D-C5FD-EE72-7F7FB19369ED}.Debug|x64.ActiveCfg = Debug|x64
		{1F292497-4C6D-C5FD-EE72-7F7FB19369ED}.Debug|x64.Build.0 = Debug|x64
		{1F292497-4C6D-C5FD-EE72-7F7FB19369ED}.Release|Win32.ActiveCfg = Release|Win32
		{1F292497-4C6D-C5FD-EE72-7F7FB19369ED}.Release|Win32.Build.0 = Release|Win32
		{1F292497-4C6D-C5FD-EE72-7F7FB19369ED}.Release|x64.ActiveCfg = Release|x64
		{1F292497-4C6D-C5FD-EE72-7F7FB19369ED}.Release|x64.Build.0 = Release|x64
		{4CE43A23-E6A2-1634-4F26-830C57F801AA}.Debug|Win32.ActiveCfg = Debug|Win32
		{4CE43A23-E6A2-1634-4F26-830C57F801AA}.Debug|Win32.Build.0 = Debug|Win32
		{4CE43A23-E6A2-1634-4F26-830C57F801AA}.Debug|x64.ActiveCfg = Debug|x64
		{4CE43A23-E6A2-1634-4F26-830C57F801AA}.Debug|x64.Build.0 = Debug|x64
		{4CE43A23-E6A2-1634-4F26-830C57F801AA}.Release|Win32.ActiveCfg = Release|Win32
		{4CE43A23-E6A2-1634-4F26-830C57F801AA}.Release|Win32.Build.0 = Release|Win32
		{4CE43A23-E6A2-1634-4F26-830C57F801AA}.Release|x64.ActiveCfg = Release|x64
		{4CE43A23-E6A2-1634-4F26-830C57F801AA}.Release|x64.Build.0 = Release|x64
		{616A9CD3-AFAF-1F04-4BF1-ECFABC86784F}.Debug|Win32.ActiveCfg = Debug|Win32
		{616A9CD3-AFAF-1F04-4BF1-ECFABC86784F}.Debug|Win32.Build.0 = Debug|Win32
		{616A9CD3-AFAF-1F04-4BF1-ECFABC86784F}.Debug|x64.ActiveCfg = Debug|x64
		{616A9CD3-AFAF-1F04-4BF1-ECFABC86784F}.Debug|x64.Build.0 = Debug|x64
		{616A9CD3-AFAF-1F04-4BF1-ECFABC86784F}.Release|Win32.ActiveCfg = Release|Win32
		{616A9CD3-AFAF-1F04-4BF1-ECFABC86784F}.Release|Win32.Build.0 = Release|Win32
		{616A9CD3-AFAF-1F04-4BF1-ECFABC86784F}.Release|x64.ActiveCfg = Release|x64
		{616A9CD3-AFAF-1F04-4BF1-ECFABC86784F}.Release|x64.Build.0 = Release|x64
		{FC2C1294-D77D-9C26-11FF-D757BAAC66D5}.Debug|Win32.ActiveCfg = Debug|Win32
		{FC2C1294-D77D-9C26-11FF-D757BAAC66D5}.Debug|Win32.Build.0 = Debug|Win32
		{FC2C1294-D77D-9C26-11FF-D757BAAC66D5}.Debug|x64.ActiveCfg = Debug|x64
		{FC2C1294-D77D-9C26-11FF-D757BAAC66D5}.Debug|x64.Build.0 = Debug|x64
		{FC2C1294-D77D-9C26-11FF-D757BAAC66D5}.Release|Win32.ActiveCfg = Release|Win32
		{FC2C1294-D77D-9C26-11FF-D757BAAC66D5}.Release|Win32.Build.0 = Release|Win32
		{FC2C1294-D77D-9C26-11FF-D757BAAC66D5}.Release|x64.ActiveCfg = Release|x64
		{FC2C1294-D77D-9C26-11FF-D757BAAC66D5}.Release|x64.Build.0 = Release|x64
	EndGlobalSection
	GlobalSection(SolutionProperties) = preSolution
		HideSolutionNode = FALSE
	EndGlobalSection
EndGlobal
