
Microsoft Visual Studio Solution File, Format Version 12.00
# Visual Studio Version 16
VisualStudioVersion = 16.0.32510.428
MinimumVisualStudioVersion = 10.0.40219.1
Project("{F79DB35A-29B9-F638-5F9D-E1519C622D5A}") = "LibFgBase", "LibFgBase\VisualStudio19\LibFgBase.vcxproj", "{7B67CF7F-FDE5-5FF8-3ACA-55632253209B}"
EndProject
Project("{F79DB35A-29B9-F638-5F9D-E1519C622D5A}") = "LibFgWin", "LibFgWin\VisualStudio19\LibFgWin.vcxproj", "{6904AE47-51E0-BEED-2B13-288A79237C3D}"
EndProject
Project("{F79DB35A-29B9-F638-5F9D-E1519C622D5A}") = "fgbl", "fgbl\VisualStudio19\fgbl.vcxproj", "{C0396080-BA25-1481-65B9-66191E5914D1}"
EndProject
Global
	GlobalSection(SolutionConfigurationPlatforms) = preSolution
		Debug|Win32 = Debug|Win32
		Debug|x64 = Debug|x64
		Release|Win32 = Release|Win32
		Release|x64 = Release|x64
	EndGlobalSection
	GlobalSection(ProjectConfigurationPlatforms) = postSolution
		{7B67CF7F-FDE5-5FF8-3ACA-55632253209B}.Debug|Win32.ActiveCfg = Debug|Win32
		{7B67CF7F-FDE5-5FF8-3ACA-55632253209B}.Debug|Win32.Build.0 = Debug|Win32
		{7B67CF7F-FDE5-5FF8-3ACA-55632253209B}.Debug|x64.ActiveCfg = Debug|x64
		{7B67CF7F-FDE5-5FF8-3ACA-55632253209B}.Debug|x64.Build.0 = Debug|x64
		{7B67CF7F-FDE5-5FF8-3ACA-55632253209B}.Release|Win32.ActiveCfg = Release|Win32
		{7B67CF7F-FDE5-5FF8-3ACA-55632253209B}.Release|Win32.Build.0 = Release|Win32
		{7B67CF7F-FDE5-5FF8-3ACA-55632253209B}.Release|x64.ActiveCfg = Release|x64
		{7B67CF7F-FDE5-5FF8-3ACA-55632253209B}.Release|x64.Build.0 = Release|x64
		{6904AE47-51E0-BEED-2B13-288A79237C3D}.Debug|Win32.ActiveCfg = Debug|Win32
		{6904AE47-51E0-BEED-2B13-288A79237C3D}.Debug|Win32.Build.0 = Debug|Win32
		{6904AE47-51E0-BEED-2B13-288A79237C3D}.Debug|x64.ActiveCfg = Debug|x64
		{6904AE47-51E0-BEED-2B13-288A79237C3D}.Debug|x64.Build.0 = Debug|x64
		{6904AE47-51E0-BEED-2B13-288A79237C3D}.Release|Win32.ActiveCfg = Release|Win32
		{6904AE47-51E0-BEED-2B13-288A79237C3D}.Release|Win32.Build.0 = Release|Win32
		{6904AE47-51E0-BEED-2B13-288A79237C3D}.Release|x64.ActiveCfg = Release|x64
		{6904AE47-51E0-BEED-2B13-288A79237C3D}.Release|x64.Build.0 = Release|x64
		{C0396080-BA25-1481-65B9-66191E5914D1}.Debug|Win32.ActiveCfg = Debug|Win32
		{C0396080-BA25-1481-65B9-66191E5914D1}.Debug|Win32.Build.0 = Debug|Win32
		{C0396080-BA25-1481-65B9-66191E5914D1}.Debug|x64.ActiveCfg = Debug|x64
		{C0396080-BA25-1481-65B9-66191E5914D1}.Debug|x64.Build.0 = Debug|x64
		{C0396080-BA25-1481-65B9-66191E5914D1}.Release|Win32.ActiveCfg = Release|Win32
		{C0396080-BA25-1481-65B9-66191E5914D1}.Release|Win32.Build.0 = Release|Win32
		{C0396080-BA25-1481-65B9-66191E5914D1}.Release|x64.ActiveCfg = Release|x64
		{C0396080-BA25-1481-65B9-66191E5914D1}.Release|x64.Build.0 = Release|x64
	EndGlobalSection
	GlobalSection(SolutionProperties) = preSolution
		HideSolutionNode = FALSE
	EndGlobalSection
	GlobalSection(NestedProjects) = preSolution
	EndGlobalSection
	GlobalSection(ExtensibilityGlobals) = postSolution
		SolutionGuid = {39B2BC3E-9FF2-4906-92AE-80DBB3FF9746}
	EndGlobalSection
EndGlobal
